
Microsoft Visual Studio Solution File, Format Version 12.00
# Visual Studio Version 17
VisualStudioVersion = 17.4.33213.308
MinimumVisualStudioVersion = 10.0.40219.1
Project("{FAE04EC0-301F-11D3-BF4B-00C04F79EFBC}") = "AzureDevopsDataByPAT", "AzureDevopsDataByPAT\AzureDevopsDataByPAT.csproj", "{6BBBFCD3-45B5-45A5-A959-72EF46850018}"
EndProject
Project("{FAE04EC0-301F-11D3-BF4B-00C04F79EFBC}") = "GraphAPIgettingadata", "GraphAPIgettingadata\GraphAPIgettingadata.csproj", "{F86312A6-3212-454A-B9CB-61F8E8C0D949}"
EndProject
Global
	GlobalSection(SolutionConfigurationPlatforms) = preSolution
		Debug|Any CPU = Debug|Any CPU
		Release|Any CPU = Release|Any CPU
	EndGlobalSection
	GlobalSection(ProjectConfigurationPlatforms) = postSolution
		{6BBBFCD3-45B5-45A5-A959-72EF46850018}.Debug|Any CPU.ActiveCfg = Debug|Any CPU
		{6BBBFCD3-45B5-45A5-A959-72EF46850018}.Debug|Any CPU.Build.0 = Debug|Any CPU
		{6BBBFCD3-45B5-45A5-A959-72EF46850018}.Release|Any CPU.ActiveCfg = Release|Any CPU
		{6BBBFCD3-45B5-45A5-A959-72EF46850018}.Release|Any CPU.Build.0 = Release|Any CPU
		{F86312A6-3212-454A-B9CB-61F8E8C0D949}.Debug|Any CPU.ActiveCfg = Debug|Any CPU
		{F86312A6-3212-454A-B9CB-61F8E8C0D949}.Debug|Any CPU.Build.0 = Debug|Any CPU
		{F86312A6-3212-454A-B9CB-61F8E8C0D949}.Release|Any CPU.ActiveCfg = Release|Any CPU
		{F86312A6-3212-454A-B9CB-61F8E8C0D949}.Release|Any CPU.Build.0 = Release|Any CPU
	EndGlobalSection
	GlobalSection(SolutionProperties) = preSolution
		HideSolutionNode = FALSE
	EndGlobalSection
	GlobalSection(ExtensibilityGlobals) = postSolution
		SolutionGuid = {4ACE06A9-E6D3-4CB2-AEC0-6A4E35F8DFAC}
	EndGlobalSection
EndGlobal
